<?xml version="1.0" encoding="utf-8"?>
<Project ToolsVersion="4.0" xmlns="http://schemas.microsoft.com/developer/msbuild/2003">
  <ItemGroup>
    <Filter Include="Source Files">
      <UniqueIdentifier>{4FC737F1-C7A5-4376-A066-2A32D752A2FF}</UniqueIdentifier>
      <Extensions>cpp;cxx;c;def</Extensions>
    </Filter>
    <Filter Include="Header Files">
      <UniqueIdentifier>{93995380-89BD-4b04-88EB-625FBE52EBFB}</UniqueIdentifier>
      <Extensions>h</Extensions>
    </Filter>
    <Filter Include="Form Files">
      <UniqueIdentifier>{99349809-55BA-4b9d-BF79-8FDBB0286EB3}</UniqueIdentifier>
      <Extensions>ui</Extensions>
    </Filter>
    <Filter Include="Resource Files">
      <UniqueIdentifier>{D9D6E242-F8AF-46E4-B9FD-80ECBC20BA3E}</UniqueIdentifier>
      <Extensions>qrc;*</Extensions>
      <ParseFiles>false</ParseFiles>
    </Filter>
    <Filter Include="Generated Files">
      <UniqueIdentifier>{71ED8ED8-ACB9-4CE9-BBE1-E00B30144E11}</UniqueIdentifier>
      <Extensions>moc;h;cpp</Extensions>
      <SourceControlFiles>False</SourceControlFiles>
    </Filter>
    <Filter Include="Generated Files\Release">
      <UniqueIdentifier>{516a5432-8667-4b0a-8c0b-a548b71b034b}</UniqueIdentifier>
      <Extensions>cpp;moc</Extensions>
      <SourceControlFiles>False</SourceControlFiles>
    </Filter>
    <Filter Include="Source Files\Items">
      <UniqueIdentifier>{0e07cd43-0f5c-41f9-8364-cbcf569620eb}</UniqueIdentifier>
    </Filter>
    <Filter Include="Header Files\Items">
      <UniqueIdentifier>{e564c439-e7c3-459f-ba7d-e6844cd9e32d}</UniqueIdentifier>
    </Filter>
    <Filter Include="Source Files\SceneEditor">
      <UniqueIdentifier>{255794e8-868a-447c-9d42-d7dcbfdb3c29}</UniqueIdentifier>
    </Filter>
    <Filter Include="Header Files\SceneEditor">
      <UniqueIdentifier>{65714868-55eb-48f7-a8ec-6bfff8be16ae}</UniqueIdentifier>
    </Filter>
    <Filter Include="Generated Files\Debug">
      <UniqueIdentifier>{8d69baef-5c1e-4599-85ac-a0efbcff61f9}</UniqueIdentifier>
      <Extensions>cpp;moc</Extensions>
      <SourceControlFiles>False</SourceControlFiles>
    </Filter>
    <Filter Include="Source Files\Items\Windows">
      <UniqueIdentifier>{cf8ebc25-d3fb-4317-bc0f-38db98fe1698}</UniqueIdentifier>
    </Filter>
    <Filter Include="Header Files\Items\Windows">
      <UniqueIdentifier>{769aee32-4be3-4fca-8669-21509d813dec}</UniqueIdentifier>
    </Filter>
    <Filter Include="Header Files\Blueprint">
      <UniqueIdentifier>{1d98c642-4c0d-4162-8790-f8b494502228}</UniqueIdentifier>
    </Filter>
    <Filter Include="Source Files\Blueprint">
      <UniqueIdentifier>{8c233feb-2e46-4df1-93e4-069785928999}</UniqueIdentifier>
    </Filter>
    <Filter Include="Header Files\Blueprint\Editor">
      <UniqueIdentifier>{9eb5863a-a999-42ff-a36a-8000a9fc5540}</UniqueIdentifier>
    </Filter>
    <Filter Include="Source Files\Blueprint\Editor">
      <UniqueIdentifier>{890cd958-9f65-4c21-b190-df7232b85d32}</UniqueIdentifier>
    </Filter>
    <Filter Include="Header Files\Blueprint\Editor\Widgets">
      <UniqueIdentifier>{8dc2cc9d-b616-4074-af01-fce6db8d6d75}</UniqueIdentifier>
    </Filter>
    <Filter Include="Source Files\Blueprint\Editor\Widgets">
      <UniqueIdentifier>{5fdac0b3-d77e-4fdd-b9ff-5938ae0d9b40}</UniqueIdentifier>
    </Filter>
    <Filter Include="Source Files\Blueprint\Editor\Wires">
      <UniqueIdentifier>{2ca783aa-df0c-4311-8522-339b8aa837a5}</UniqueIdentifier>
    </Filter>
    <Filter Include="Header Files\Blueprint\Editor\Wires">
      <UniqueIdentifier>{5111cc39-65e1-4601-8b21-e641a9590920}</UniqueIdentifier>
    </Filter>
    <Filter Include="Header Files\CodeGenerator">
      <UniqueIdentifier>{e2609fd3-87b4-4d8f-9e0a-018e4c45fcd5}</UniqueIdentifier>
    </Filter>
    <Filter Include="Source Files\CodeGenerator">
      <UniqueIdentifier>{064eba37-1823-422a-bc99-aa7755e840a2}</UniqueIdentifier>
    </Filter>
    <Filter Include="Header Files\Variable">
      <UniqueIdentifier>{f27f86eb-eefd-4ddb-9471-56480eb62ab0}</UniqueIdentifier>
    </Filter>
    <Filter Include="Source Files\Variable">
      <UniqueIdentifier>{d2586266-2dae-44f0-b39f-d2eec60cb9aa}</UniqueIdentifier>
    </Filter>
  </ItemGroup>
  <ItemGroup>
    <ClCompile Include="main.cpp">
      <Filter>Source Files</Filter>
    </ClCompile>
    <ClCompile Include="MainWindow.cpp">
      <Filter>Source Files</Filter>
    </ClCompile>
    <ClCompile Include="ResourceView.cpp">
      <Filter>Source Files</Filter>
    </ClCompile>
    <ClCompile Include="..\..\QtFiles\Release\moc_ResourceView.cpp">
      <Filter>Generated Files\Release</Filter>
    </ClCompile>
    <ClCompile Include="..\..\QtFiles\Release\moc_MainWindow.cpp">
      <Filter>Generated Files\Release</Filter>
    </ClCompile>
    <ClCompile Include="WelcomeWindow.cpp">
      <Filter>Source Files</Filter>
    </ClCompile>
    <ClCompile Include="..\..\QtFiles\Release\moc_WelcomeWindow.cpp">
      <Filter>Generated Files\Release</Filter>
    </ClCompile>
    <ClCompile Include="..\..\QtFiles\Release\moc_Config.cpp">
      <Filter>Generated Files\Release</Filter>
    </ClCompile>
    <ClCompile Include="Config.cpp">
      <Filter>Source Files</Filter>
    </ClCompile>
    <ClCompile Include="TextureMgr.cpp">
      <Filter>Source Files\SceneEditor</Filter>
    </ClCompile>
    <ClCompile Include="..\..\QtFiles\Debug\moc_MainWindow.cpp">
      <Filter>Generated Files\Debug</Filter>
    </ClCompile>
    <ClCompile Include="..\..\QtFiles\Debug\moc_ResourceView.cpp">
      <Filter>Generated Files\Debug</Filter>
    </ClCompile>
    <ClCompile Include="..\..\QtFiles\Debug\moc_WelcomeWindow.cpp">
      <Filter>Generated Files\Debug</Filter>
    </ClCompile>
    <ClCompile Include="..\..\QtFiles\Debug\moc_Config.cpp">
      <Filter>Generated Files\Debug</Filter>
    </ClCompile>
    <ClCompile Include="..\..\QtFiles\qrc_Resources.cpp">
      <Filter>Generated Files</Filter>
    </ClCompile>
    <ClCompile Include="..\..\QtFiles\Debug\moc_SpriteItemWindow.cpp">
      <Filter>Generated Files\Debug</Filter>
    </ClCompile>
    <ClCompile Include="..\..\QtFiles\Release\moc_SpriteItemWindow.cpp">
      <Filter>Generated Files\Release</Filter>
    </ClCompile>
    <ClCompile Include="SpriteItemWindow.cpp">
      <Filter>Source Files\Items\Windows</Filter>
    </ClCompile>
    <ClCompile Include="..\..\QtFiles\Debug\moc_ObjectItemWindow.cpp">
      <Filter>Generated Files\Debug</Filter>
    </ClCompile>
    <ClCompile Include="..\..\QtFiles\Release\moc_ObjectItemWindow.cpp">
      <Filter>Generated Files\Release</Filter>
    </ClCompile>
    <ClCompile Include="ObjectItemWindow.cpp">
      <Filter>Source Files\Items\Windows</Filter>
    </ClCompile>
    <ClCompile Include="ObjectItem.cpp">
      <Filter>Source Files\Items</Filter>
    </ClCompile>
    <ClCompile Include="SpriteItem.cpp">
      <Filter>Source Files\Items</Filter>
    </ClCompile>
    <ClCompile Include="SceneItemWindow.cpp">
      <Filter>Source Files\Items\Windows</Filter>
    </ClCompile>
    <ClCompile Include="..\..\QtFiles\Debug\moc_SceneItemWindow.cpp">
      <Filter>Generated Files\Debug</Filter>
    </ClCompile>
    <ClCompile Include="..\..\QtFiles\Release\moc_SceneItemWindow.cpp">
      <Filter>Generated Files\Release</Filter>
    </ClCompile>
    <ClCompile Include="SceneItem.cpp">
      <Filter>Source Files\Items</Filter>
    </ClCompile>
    <ClCompile Include="..\..\QtFiles\Debug\moc_SceneEditor.cpp">
      <Filter>Generated Files\Debug</Filter>
    </ClCompile>
    <ClCompile Include="..\..\QtFiles\Release\moc_SceneEditor.cpp">
      <Filter>Generated Files\Release</Filter>
    </ClCompile>
    <ClCompile Include="SceneEditor.cpp">
      <Filter>Source Files\SceneEditor</Filter>
    </ClCompile>
    <ClCompile Include="EventObjectItem.cpp">
      <Filter>Source Files\Items</Filter>
    </ClCompile>
    <ClCompile Include="..\..\QtFiles\Debug\moc_EventObjectItemWindow.cpp">
      <Filter>Generated Files\Debug</Filter>
    </ClCompile>
    <ClCompile Include="..\..\QtFiles\Release\moc_EventObjectItemWindow.cpp">
      <Filter>Generated Files\Release</Filter>
    </ClCompile>
    <ClCompile Include="EventObjectItemWindow.cpp">
      <Filter>Source Files\Items\Windows</Filter>
    </ClCompile>
    <ClCompile Include="Widget.cpp">
      <Filter>Source Files\Blueprint</Filter>
    </ClCompile>
    <ClCompile Include="VisualNode.cpp">
      <Filter>Source Files\Blueprint\Editor</Filter>
    </ClCompile>
    <ClCompile Include="NodeMgr.cpp">
      <Filter>Source Files\Blueprint\Editor</Filter>
    </ClCompile>
    <ClCompile Include="VisualWidget.cpp">
      <Filter>Source Files\Blueprint\Editor\Widgets</Filter>
    </ClCompile>
    <ClCompile Include="OutputWidget.cpp">
      <Filter>Source Files\Blueprint\Editor\Widgets</Filter>
    </ClCompile>
    <ClCompile Include="InputWidget.cpp">
      <Filter>Source Files\Blueprint\Editor\Widgets</Filter>
    </ClCompile>
    <ClCompile Include="WireMgr.cpp">
      <Filter>Source Files\Blueprint\Editor\Wires</Filter>
    </ClCompile>
    <ClCompile Include="Wire.cpp">
      <Filter>Source Files\Blueprint\Editor\Wires</Filter>
    </ClCompile>
    <ClCompile Include="BlueprintEditor.cpp">
      <Filter>Source Files\Blueprint\Editor</Filter>
    </ClCompile>
    <ClCompile Include="..\..\QtFiles\Debug\moc_BlueprintEditor.cpp">
      <Filter>Generated Files\Debug</Filter>
    </ClCompile>
    <ClCompile Include="..\..\QtFiles\Release\moc_BlueprintEditor.cpp">
      <Filter>Generated Files\Release</Filter>
    </ClCompile>
    <ClCompile Include="Node.cpp">
      <Filter>Source Files\Blueprint</Filter>
    </ClCompile>
    <ClCompile Include="..\..\QtFiles\Debug\moc_NodesWindow.cpp">
      <Filter>Generated Files\Debug</Filter>
    </ClCompile>
    <ClCompile Include="..\..\QtFiles\Release\moc_NodesWindow.cpp">
      <Filter>Generated Files\Release</Filter>
    </ClCompile>
    <ClCompile Include="NodesWindow.cpp">
      <Filter>Source Files\Blueprint\Editor</Filter>
    </ClCompile>
    <ClCompile Include="HTML5Generator.cpp">
      <Filter>Source Files\CodeGenerator</Filter>
    </ClCompile>
    <ClCompile Include="..\..\QtFiles\Debug\moc_VariablesWindow.cpp">
      <Filter>Generated Files\Debug</Filter>
    </ClCompile>
    <ClCompile Include="..\..\QtFiles\Release\moc_VariablesWindow.cpp">
      <Filter>Generated Files\Release</Filter>
    </ClCompile>
    <ClCompile Include="VariablesWindow.cpp">
      <Filter>Source Files\Variable</Filter>
    </ClCompile>
    <ClCompile Include="..\..\QtFiles\Debug\moc_VarEditWindow.cpp">
      <Filter>Generated Files\Debug</Filter>
    </ClCompile>
    <ClCompile Include="..\..\QtFiles\Release\moc_VarEditWindow.cpp">
      <Filter>Generated Files\Release</Filter>
    </ClCompile>
    <ClCompile Include="VarEditWindow.cpp">
      <Filter>Source Files\Variable</Filter>
    </ClCompile>
  </ItemGroup>
  <ItemGroup>
    <CustomBuild Include="MainWindow.h">
      <Filter>Header Files</Filter>
    </CustomBuild>
    <CustomBuild Include="WelcomeWindow.h">
      <Filter>Header Files</Filter>
    </CustomBuild>
    <CustomBuild Include="Config.h">
      <Filter>Header Files</Filter>
    </CustomBuild>
    <CustomBuild Include="Resources.qrc">
      <Filter>Resource Files</Filter>
    </CustomBuild>
    <CustomBuild Include="ConfigWindow.ui">
      <Filter>Form Files</Filter>
    </CustomBuild>
    <CustomBuild Include="MainWindow.ui">
      <Filter>Form Files</Filter>
    </CustomBuild>
    <CustomBuild Include="ObjectWindow.ui">
      <Filter>Form Files</Filter>
    </CustomBuild>
    <CustomBuild Include="SceneWindow.ui">
      <Filter>Form Files</Filter>
    </CustomBuild>
    <CustomBuild Include="SpriteWindow.ui">
      <Filter>Form Files</Filter>
    </CustomBuild>
    <CustomBuild Include="WelcomeWindow.ui">
      <Filter>Form Files</Filter>
    </CustomBuild>
    <CustomBuild Include="ResourceView.h">
      <Filter>Header Files</Filter>
    </CustomBuild>
    <CustomBuild Include="SpriteItemWindow.h">
      <Filter>Header Files\Items\Windows</Filter>
    </CustomBuild>
    <CustomBuild Include="ItemWindow.h">
      <Filter>Header Files\Items\Windows</Filter>
    </CustomBuild>
    <CustomBuild Include="ObjectItemWindow.h">
      <Filter>Header Files\Items\Windows</Filter>
    </CustomBuild>
    <CustomBuild Include="ObjectItem.h">
      <Filter>Header Files\Items</Filter>
    </CustomBuild>
    <CustomBuild Include="SpriteItem.h">
      <Filter>Header Files\Items</Filter>
    </CustomBuild>
    <CustomBuild Include="SceneItemWindow.h">
      <Filter>Header Files\Items\Windows</Filter>
    </CustomBuild>
    <CustomBuild Include="SceneItem.h">
      <Filter>Header Files\Items</Filter>
    </CustomBuild>
    <CustomBuild Include="SceneEditor.h">
      <Filter>Header Files\SceneEditor</Filter>
    </CustomBuild>
    <CustomBuild Include="EventObjectItem.h">
      <Filter>Header Files\Items</Filter>
    </CustomBuild>
    <CustomBuild Include="EventObjectItemWindow.h">
      <Filter>Header Files\Items\Windows</Filter>
    </CustomBuild>
    <CustomBuild Include="BlueprintEditor.h">
      <Filter>Header Files\Blueprint\Editor</Filter>
    </CustomBuild>
    <CustomBuild Include="NodesWindow.ui">
      <Filter>Form Files</Filter>
    </CustomBuild>
    <CustomBuild Include="NodesWindow.h">
      <Filter>Header Files\Blueprint\Editor</Filter>
    </CustomBuild>
    <CustomBuild Include="VariablesWindow.ui">
      <Filter>Form Files</Filter>
    </CustomBuild>
    <CustomBuild Include="VariablesWindow.h">
      <Filter>Header Files\Variable</Filter>
    </CustomBuild>
    <CustomBuild Include="VarEditWindow.ui">
      <Filter>Form Files</Filter>
    </CustomBuild>
    <CustomBuild Include="VarEditWindow.h">
      <Filter>Header Files\Variable</Filter>
    </CustomBuild>
  </ItemGroup>
  <ItemGroup>
    <ClInclude Include="..\..\QtFiles\ui_MainWindow.h">
      <Filter>Generated Files</Filter>
    </ClInclude>
    <ClInclude Include="..\..\QtFiles\ui_ObjectWindow.h">
      <Filter>Generated Files</Filter>
    </ClInclude>
    <ClInclude Include="Item.h">
      <Filter>Header Files\Items</Filter>
    </ClInclude>
    <ClInclude Include="..\..\QtFiles\ui_SpriteWindow.h">
      <Filter>Generated Files</Filter>
    </ClInclude>
    <ClInclude Include="..\..\QtFiles\ui_WelcomeWindow.h">
      <Filter>Generated Files</Filter>
    </ClInclude>
    <ClInclude Include="..\..\QtFiles\ui_SceneWindow.h">
      <Filter>Generated Files</Filter>
    </ClInclude>
    <ClInclude Include="..\..\QtFiles\ui_ConfigWindow.h">
      <Filter>Generated Files</Filter>
    </ClInclude>
    <ClInclude Include="TextureMgr.h">
      <Filter>Header Files\SceneEditor</Filter>
    </ClInclude>
    <ClInclude Include="Node.h">
      <Filter>Header Files\Blueprint</Filter>
    </ClInclude>
    <ClInclude Include="Widget.h">
      <Filter>Header Files\Blueprint</Filter>
    </ClInclude>
    <ClInclude Include="VisualNode.h">
      <Filter>Header Files\Blueprint\Editor</Filter>
    </ClInclude>
    <ClInclude Include="NodeMgr.h">
      <Filter>Header Files\Blueprint\Editor</Filter>
    </ClInclude>
    <ClInclude Include="InputWidget.h">
      <Filter>Header Files\Blueprint\Editor\Widgets</Filter>
    </ClInclude>
    <ClInclude Include="OutputWidget.h">
      <Filter>Header Files\Blueprint\Editor\Widgets</Filter>
    </ClInclude>
    <ClInclude Include="VisualWidget.h">
      <Filter>Header Files\Blueprint\Editor\Widgets</Filter>
    </ClInclude>
    <ClInclude Include="WireMgr.h">
      <Filter>Header Files\Blueprint\Editor\Wires</Filter>
    </ClInclude>
    <ClInclude Include="Wire.h">
      <Filter>Header Files\Blueprint\Editor\Wires</Filter>
    </ClInclude>
    <ClInclude Include="WireData.h">
      <Filter>Header Files\Blueprint\Editor\Wires</Filter>
    </ClInclude>
    <ClInclude Include="WireExec.h">
      <Filter>Header Files\Blueprint\Editor\Wires</Filter>
    </ClInclude>
    <ClInclude Include="..\..\QtFiles\ui_NodesWindow.h">
      <Filter>Generated Files</Filter>
    </ClInclude>
    <ClInclude Include="CodeGenerator.h">
      <Filter>Header Files\CodeGenerator</Filter>
    </ClInclude>
    <ClInclude Include="HTML5Generator.h">
      <Filter>Header Files\CodeGenerator</Filter>
    </ClInclude>
    <ClInclude Include="..\..\QtFiles\ui_VariablesWindow.h">
      <Filter>Generated Files</Filter>
    </ClInclude>
    <ClInclude Include="Common.h">
      <Filter>Header Files</Filter>
    </ClInclude>
    <ClInclude Include="..\..\QtFiles\ui_VarEditWindow.h">
      <Filter>Generated Files</Filter>
    </ClInclude>
    <ClInclude Include="Var.h">
      <Filter>Header Files\Variable</Filter>
    </ClInclude>
  </ItemGroup>
</Project>